{
    "_readme": [
        "This file locks the dependencies of your project to a known state",
        "Read more about it at https://getcomposer.org/doc/01-basic-usage.md#composer-lock-the-lock-file",
        "This file is @generated automatically"
    ],
    "content-hash": "0fc88a25907bcdd0d607de5697dc41c8",
    "packages": [
        {
            "name": "jsnlib/rand",
            "version": "1.1.1",
            "source": {
                "type": "git",
                "url": "https://github.com/fdjkgh580/jsnlib-rand.git",
                "reference": "e3363f12176fa0291c86b30356ee593bd69315e4"
            },
            "dist": {
                "type": "zip",
                "url": "https://api.github.com/repos/fdjkgh580/jsnlib-rand/zipball/e3363f12176fa0291c86b30356ee593bd69315e4",
                "reference": "e3363f12176fa0291c86b30356ee593bd69315e4",
                "shasum": ""
            },
            "require": {
                "php": ">=7.0.0"
            },
            "type": "library",
            "autoload": {
                "psr-4": {
                    "Jsnlib\\": "src\\"
                }
            },
            "notification-url": "https://packagist.org/downloads/",
            "license": [
                "MIT"
            ],
            "keywords": [
                "array",
                "object",
                "rand"
            ],
            "time": "2018-03-30T02:04:56+00:00"
        }
    ],
    "packages-dev": [],
    "aliases": [],
    "minimum-stability": "stable",
    "stability-flags": [],
    "prefer-stable": false,
    "prefer-lowest": false,
    "platform": {
        "php": ">=7.0.0"
    },
    "platform-dev": []
}
